// !$*UTF8*$!
{
	archiveVersion = 1;
	classes = {
	};
	objectVersion = 56;
	objects = {

/* Begin PBXBuildFile section */
		48873B572AA3E5A800F304D3 /* TheCocktailBookApp.swift in Sources */ = {isa = PBXBuildFile; fileRef = 48873B562AA3E5A800F304D3 /* TheCocktailBookApp.swift */; };
		48873B592AA3E5A800F304D3 /* CocktailSearchView.swift in Sources */ = {isa = PBXBuildFile; fileRef = 48873B582AA3E5A800F304D3 /* CocktailSearchView.swift */; };
		48873B5B2AA3E5AA00F304D3 /* Assets.xcassets in Resources */ = {isa = PBXBuildFile; fileRef = 48873B5A2AA3E5AA00F304D3 /* Assets.xcassets */; };
		48873B5E2AA3E5AA00F304D3 /* Preview Assets.xcassets in Resources */ = {isa = PBXBuildFile; fileRef = 48873B5D2AA3E5AA00F304D3 /* Preview Assets.xcassets */; };
		48873B682AA3E5AA00F304D3 /* TheCocktailBookTests.swift in Sources */ = {isa = PBXBuildFile; fileRef = 48873B672AA3E5AA00F304D3 /* TheCocktailBookTests.swift */; };
		48873B722AA3E5AA00F304D3 /* TheCocktailBookUITests.swift in Sources */ = {isa = PBXBuildFile; fileRef = 48873B712AA3E5AA00F304D3 /* TheCocktailBookUITests.swift */; };
		48873B742AA3E5AA00F304D3 /* TheCocktailBookUITestsLaunchTests.swift in Sources */ = {isa = PBXBuildFile; fileRef = 48873B732AA3E5AA00F304D3 /* TheCocktailBookUITestsLaunchTests.swift */; };
		48873B872AA3E6BC00F304D3 /* TCDBService.swift in Sources */ = {isa = PBXBuildFile; fileRef = 48873B862AA3E6BC00F304D3 /* TCDBService.swift */; };
		48873B892AA3EA1A00F304D3 /* CocktailSearchViewModel.swift in Sources */ = {isa = PBXBuildFile; fileRef = 48873B882AA3EA1A00F304D3 /* CocktailSearchViewModel.swift */; };
		48873B8B2AA42FB600F304D3 /* Cocktail.swift in Sources */ = {isa = PBXBuildFile; fileRef = 48873B8A2AA42FB600F304D3 /* Cocktail.swift */; };
		48873B8D2AA434AB00F304D3 /* CocktailsResponse.swift in Sources */ = {isa = PBXBuildFile; fileRef = 48873B8C2AA434AB00F304D3 /* CocktailsResponse.swift */; };
		48873B8F2AA53AF300F304D3 /* CocktailRow.swift in Sources */ = {isa = PBXBuildFile; fileRef = 48873B8E2AA53AF300F304D3 /* CocktailRow.swift */; };
		48873B912AA5487200F304D3 /* CocktailDetailsView.swift in Sources */ = {isa = PBXBuildFile; fileRef = 48873B902AA5487200F304D3 /* CocktailDetailsView.swift */; };
/* End PBXBuildFile section */

/* Begin PBXContainerItemProxy section */
		48873B642AA3E5AA00F304D3 /* PBXContainerItemProxy */ = {
			isa = PBXContainerItemProxy;
			containerPortal = 48873B4B2AA3E5A800F304D3 /* Project object */;
			proxyType = 1;
			remoteGlobalIDString = 48873B522AA3E5A800F304D3;
			remoteInfo = TheCocktailBook;
		};
		48873B6E2AA3E5AA00F304D3 /* PBXContainerItemProxy */ = {
			isa = PBXContainerItemProxy;
			containerPortal = 48873B4B2AA3E5A800F304D3 /* Project object */;
			proxyType = 1;
			remoteGlobalIDString = 48873B522AA3E5A800F304D3;
			remoteInfo = TheCocktailBook;
		};
/* End PBXContainerItemProxy section */

/* Begin PBXFileReference section */
		48873B532AA3E5A800F304D3 /* TheCocktailBook.app */ = {isa = PBXFileReference; explicitFileType = wrapper.application; includeInIndex = 0; path = TheCocktailBook.app; sourceTree = BUILT_PRODUCTS_DIR; };
		48873B562AA3E5A800F304D3 /* TheCocktailBookApp.swift */ = {isa = PBXFileReference; lastKnownFileType = sourcecode.swift; path = TheCocktailBookApp.swift; sourceTree = "<group>"; };
		48873B582AA3E5A800F304D3 /* CocktailSearchView.swift */ = {isa = PBXFileReference; lastKnownFileType = sourcecode.swift; path = CocktailSearchView.swift; sourceTree = "<group>"; };
		48873B5A2AA3E5AA00F304D3 /* Assets.xcassets */ = {isa = PBXFileReference; lastKnownFileType = folder.assetcatalog; path = Assets.xcassets; sourceTree = "<group>"; };
		48873B5D2AA3E5AA00F304D3 /* Preview Assets.xcassets */ = {isa = PBXFileReference; lastKnownFileType = folder.assetcatalog; path = "Preview Assets.xcassets"; sourceTree = "<group>"; };
		48873B632AA3E5AA00F304D3 /* TheCocktailBookTests.xctest */ = {isa = PBXFileReference; explicitFileType = wrapper.cfbundle; includeInIndex = 0; path = TheCocktailBookTests.xctest; sourceTree = BUILT_PRODUCTS_DIR; };
		48873B672AA3E5AA00F304D3 /* TheCocktailBookTests.swift */ = {isa = PBXFileReference; lastKnownFileType = sourcecode.swift; path = TheCocktailBookTests.swift; sourceTree = "<group>"; };
		48873B6D2AA3E5AA00F304D3 /* TheCocktailBookUITests.xctest */ = {isa = PBXFileReference; explicitFileType = wrapper.cfbundle; includeInIndex = 0; path = TheCocktailBookUITests.xctest; sourceTree = BUILT_PRODUCTS_DIR; };
		48873B712AA3E5AA00F304D3 /* TheCocktailBookUITests.swift */ = {isa = PBXFileReference; lastKnownFileType = sourcecode.swift; path = TheCocktailBookUITests.swift; sourceTree = "<group>"; };
		48873B732AA3E5AA00F304D3 /* TheCocktailBookUITestsLaunchTests.swift */ = {isa = PBXFileReference; lastKnownFileType = sourcecode.swift; path = TheCocktailBookUITestsLaunchTests.swift; sourceTree = "<group>"; };
		48873B862AA3E6BC00F304D3 /* TCDBService.swift */ = {isa = PBXFileReference; lastKnownFileType = sourcecode.swift; path = TCDBService.swift; sourceTree = "<group>"; };
		48873B882AA3EA1A00F304D3 /* CocktailSearchViewModel.swift */ = {isa = PBXFileReference; lastKnownFileType = sourcecode.swift; path = CocktailSearchViewModel.swift; sourceTree = "<group>"; };
		48873B8A2AA42FB600F304D3 /* Cocktail.swift */ = {isa = PBXFileReference; lastKnownFileType = sourcecode.swift; path = Cocktail.swift; sourceTree = "<group>"; };
		48873B8C2AA434AB00F304D3 /* CocktailsResponse.swift */ = {isa = PBXFileReference; lastKnownFileType = sourcecode.swift; path = CocktailsResponse.swift; sourceTree = "<group>"; };
		48873B8E2AA53AF300F304D3 /* CocktailRow.swift */ = {isa = PBXFileReference; lastKnownFileType = sourcecode.swift; path = CocktailRow.swift; sourceTree = "<group>"; };
		48873B902AA5487200F304D3 /* CocktailDetailsView.swift */ = {isa = PBXFileReference; lastKnownFileType = sourcecode.swift; path = CocktailDetailsView.swift; sourceTree = "<group>"; };
/* End PBXFileReference section */

/* Begin PBXFrameworksBuildPhase section */
		48873B502AA3E5A800F304D3 /* Frameworks */ = {
			isa = PBXFrameworksBuildPhase;
			buildActionMask = 2147483647;
			files = (
			);
			runOnlyForDeploymentPostprocessing = 0;
		};
		48873B602AA3E5AA00F304D3 /* Frameworks */ = {
			isa = PBXFrameworksBuildPhase;
			buildActionMask = 2147483647;
			files = (
			);
			runOnlyForDeploymentPostprocessing = 0;
		};
		48873B6A2AA3E5AA00F304D3 /* Frameworks */ = {
			isa = PBXFrameworksBuildPhase;
			buildActionMask = 2147483647;
			files = (
			);
			runOnlyForDeploymentPostprocessing = 0;
		};
/* End PBXFrameworksBuildPhase section */

/* Begin PBXGroup section */
		48873B4A2AA3E5A800F304D3 = {
			isa = PBXGroup;
			children = (
				48873B552AA3E5A800F304D3 /* TheCocktailBook */,
				48873B662AA3E5AA00F304D3 /* TheCocktailBookTests */,
				48873B702AA3E5AA00F304D3 /* TheCocktailBookUITests */,
				48873B542AA3E5A800F304D3 /* Products */,
			);
			sourceTree = "<group>";
		};
		48873B542AA3E5A800F304D3 /* Products */ = {
			isa = PBXGroup;
			children = (
				48873B532AA3E5A800F304D3 /* TheCocktailBook.app */,
				48873B632AA3E5AA00F304D3 /* TheCocktailBookTests.xctest */,
				48873B6D2AA3E5AA00F304D3 /* TheCocktailBookUITests.xctest */,
			);
			name = Products;
			sourceTree = "<group>";
		};
		48873B552AA3E5A800F304D3 /* TheCocktailBook */ = {
			isa = PBXGroup;
			children = (
				48873B802AA3E5D900F304D3 /* App Core */,
				48873B832AA3E62D00F304D3 /* Models */,
				48873B842AA3E63F00F304D3 /* View Models */,
				48873B822AA3E60300F304D3 /* Views */,
				48873B852AA3E64E00F304D3 /* Services */,
				48873B5C2AA3E5AA00F304D3 /* Preview Content */,
				48873B812AA3E5EC00F304D3 /* Resources */,
			);
			path = TheCocktailBook;
			sourceTree = "<group>";
		};
		48873B5C2AA3E5AA00F304D3 /* Preview Content */ = {
			isa = PBXGroup;
			children = (
				48873B5D2AA3E5AA00F304D3 /* Preview Assets.xcassets */,
			);
			path = "Preview Content";
			sourceTree = "<group>";
		};
		48873B662AA3E5AA00F304D3 /* TheCocktailBookTests */ = {
			isa = PBXGroup;
			children = (
				48873B672AA3E5AA00F304D3 /* TheCocktailBookTests.swift */,
			);
			path = TheCocktailBookTests;
			sourceTree = "<group>";
		};
		48873B702AA3E5AA00F304D3 /* TheCocktailBookUITests */ = {
			isa = PBXGroup;
			children = (
				48873B712AA3E5AA00F304D3 /* TheCocktailBookUITests.swift */,
				48873B732AA3E5AA00F304D3 /* TheCocktailBookUITestsLaunchTests.swift */,
			);
			path = TheCocktailBookUITests;
			sourceTree = "<group>";
		};
		48873B802AA3E5D900F304D3 /* App Core */ = {
			isa = PBXGroup;
			children = (
				48873B562AA3E5A800F304D3 /* TheCocktailBookApp.swift */,
			);
			path = "App Core";
			sourceTree = "<group>";
		};
		48873B812AA3E5EC00F304D3 /* Resources */ = {
			isa = PBXGroup;
			children = (
				48873B5A2AA3E5AA00F304D3 /* Assets.xcassets */,
			);
			path = Resources;
			sourceTree = "<group>";
		};
		48873B822AA3E60300F304D3 /* Views */ = {
			isa = PBXGroup;
			children = (
				48873B922AA5487C00F304D3 /* Search */,
				48873B932AA5488100F304D3 /* Details */,
			);
			path = Views;
			sourceTree = "<group>";
		};
		48873B832AA3E62D00F304D3 /* Models */ = {
			isa = PBXGroup;
			children = (
				48873B8A2AA42FB600F304D3 /* Cocktail.swift */,
				48873B8C2AA434AB00F304D3 /* CocktailsResponse.swift */,
			);
			path = Models;
			sourceTree = "<group>";
		};
		48873B842AA3E63F00F304D3 /* View Models */ = {
			isa = PBXGroup;
			children = (
				48873B882AA3EA1A00F304D3 /* CocktailSearchViewModel.swift */,
			);
			path = "View Models";
			sourceTree = "<group>";
		};
		48873B852AA3E64E00F304D3 /* Services */ = {
			isa = PBXGroup;
			children = (
				48873B862AA3E6BC00F304D3 /* TCDBService.swift */,
			);
			path = Services;
			sourceTree = "<group>";
		};
		48873B922AA5487C00F304D3 /* Search */ = {
			isa = PBXGroup;
			children = (
				48873B582AA3E5A800F304D3 /* CocktailSearchView.swift */,
				48873B8E2AA53AF300F304D3 /* CocktailRow.swift */,
			);
			path = Search;
			sourceTree = "<group>";
		};
		48873B932AA5488100F304D3 /* Details */ = {
			isa = PBXGroup;
			children = (
				48873B902AA5487200F304D3 /* CocktailDetailsView.swift */,
			);
			path = Details;
			sourceTree = "<group>";
		};
/* End PBXGroup section */

/* Begin PBXNativeTarget section */
		48873B522AA3E5A800F304D3 /* TheCocktailBook */ = {
			isa = PBXNativeTarget;
			buildConfigurationList = 48873B772AA3E5AA00F304D3 /* Build configuration list for PBXNativeTarget "TheCocktailBook" */;
			buildPhases = (
				48873B4F2AA3E5A800F304D3 /* Sources */,
				48873B502AA3E5A800F304D3 /* Frameworks */,
				48873B512AA3E5A800F304D3 /* Resources */,
			);
			buildRules = (
			);
			dependencies = (
			);
			name = TheCocktailBook;
			productName = TheCocktailBook;
			productReference = 48873B532AA3E5A800F304D3 /* TheCocktailBook.app */;
			productType = "com.apple.product-type.application";
		};
		48873B622AA3E5AA00F304D3 /* TheCocktailBookTests */ = {
			isa = PBXNativeTarget;
			buildConfigurationList = 48873B7A2AA3E5AA00F304D3 /* Build configuration list for PBXNativeTarget "TheCocktailBookTests" */;
			buildPhases = (
				48873B5F2AA3E5AA00F304D3 /* Sources */,
				48873B602AA3E5AA00F304D3 /* Frameworks */,
				48873B612AA3E5AA00F304D3 /* Resources */,
			);
			buildRules = (
			);
			dependencies = (
				48873B652AA3E5AA00F304D3 /* PBXTargetDependency */,
			);
			name = TheCocktailBookTests;
			productName = TheCocktailBookTests;
			productReference = 48873B632AA3E5AA00F304D3 /* TheCocktailBookTests.xctest */;
			productType = "com.apple.product-type.bundle.unit-test";
		};
		48873B6C2AA3E5AA00F304D3 /* TheCocktailBookUITests */ = {
			isa = PBXNativeTarget;
			buildConfigurationList = 48873B7D2AA3E5AA00F304D3 /* Build configuration list for PBXNativeTarget "TheCocktailBookUITests" */;
			buildPhases = (
				48873B692AA3E5AA00F304D3 /* Sources */,
				48873B6A2AA3E5AA00F304D3 /* Frameworks */,
				48873B6B2AA3E5AA00F304D3 /* Resources */,
			);
			buildRules = (
			);
			dependencies = (
				48873B6F2AA3E5AA00F304D3 /* PBXTargetDependency */,
			);
			name = TheCocktailBookUITests;
			productName = TheCocktailBookUITests;
			productReference = 48873B6D2AA3E5AA00F304D3 /* TheCocktailBookUITests.xctest */;
			productType = "com.apple.product-type.bundle.ui-testing";
		};
/* End PBXNativeTarget section */

/* Begin PBXProject section */
		48873B4B2AA3E5A800F304D3 /* Project object */ = {
			isa = PBXProject;
			attributes = {
				BuildIndependentTargetsInParallel = 1;
				LastSwiftUpdateCheck = 1430;
				LastUpgradeCheck = 1430;
				TargetAttributes = {
					48873B522AA3E5A800F304D3 = {
						CreatedOnToolsVersion = 14.3.1;
					};
					48873B622AA3E5AA00F304D3 = {
						CreatedOnToolsVersion = 14.3.1;
						TestTargetID = 48873B522AA3E5A800F304D3;
					};
					48873B6C2AA3E5AA00F304D3 = {
						CreatedOnToolsVersion = 14.3.1;
						TestTargetID = 48873B522AA3E5A800F304D3;
					};
				};
			};
			buildConfigurationList = 48873B4E2AA3E5A800F304D3 /* Build configuration list for PBXProject "TheCocktailBook" */;
			compatibilityVersion = "Xcode 14.0";
			developmentRegion = en;
			hasScannedForEncodings = 0;
			knownRegions = (
				en,
				Base,
			);
			mainGroup = 48873B4A2AA3E5A800F304D3;
			productRefGroup = 48873B542AA3E5A800F304D3 /* Products */;
			projectDirPath = "";
			projectRoot = "";
			targets = (
				48873B522AA3E5A800F304D3 /* TheCocktailBook */,
				48873B622AA3E5AA00F304D3 /* TheCocktailBookTests */,
				48873B6C2AA3E5AA00F304D3 /* TheCocktailBookUITests */,
			);
		};
/* End PBXProject section */

/* Begin PBXResourcesBuildPhase section */
		48873B512AA3E5A800F304D3 /* Resources */ = {
			isa = PBXResourcesBuildPhase;
			buildActionMask = 2147483647;
			files = (
				48873B5E2AA3E5AA00F304D3 /* Preview Assets.xcassets in Resources */,
				48873B5B2AA3E5AA00F304D3 /* Assets.xcassets in Resources */,
			);
			runOnlyForDeploymentPostprocessing = 0;
		};
		48873B612AA3E5AA00F304D3 /* Resources */ = {
			isa = PBXResourcesBuildPhase;
			buildActionMask = 2147483647;
			files = (
			);
			runOnlyForDeploymentPostprocessing = 0;
		};
		48873B6B2AA3E5AA00F304D3 /* Resources */ = {
			isa = PBXResourcesBuildPhase;
			buildActionMask = 2147483647;
			files = (
			);
			runOnlyForDeploymentPostprocessing = 0;
		};
/* End PBXResourcesBuildPhase section */

/* Begin PBXSourcesBuildPhase section */
		48873B4F2AA3E5A800F304D3 /* Sources */ = {
			isa = PBXSourcesBuildPhase;
			buildActionMask = 2147483647;
			files = (
				48873B8D2AA434AB00F304D3 /* CocktailsResponse.swift in Sources */,
				48873B892AA3EA1A00F304D3 /* CocktailSearchViewModel.swift in Sources */,
				48873B592AA3E5A800F304D3 /* CocktailSearchView.swift in Sources */,
				48873B572AA3E5A800F304D3 /* TheCocktailBookApp.swift in Sources */,
				48873B8B2AA42FB600F304D3 /* Cocktail.swift in Sources */,
				48873B872AA3E6BC00F304D3 /* TCDBService.swift in Sources */,
				48873B8F2AA53AF300F304D3 /* CocktailRow.swift in Sources */,
				48873B912AA5487200F304D3 /* CocktailDetailsView.swift in Sources */,
			);
			runOnlyForDeploymentPostprocessing = 0;
		};
		48873B5F2AA3E5AA00F304D3 /* Sources */ = {
			isa = PBXSourcesBuildPhase;
			buildActionMask = 2147483647;
			files = (
				48873B682AA3E5AA00F304D3 /* TheCocktailBookTests.swift in Sources */,
			);
			runOnlyForDeploymentPostprocessing = 0;
		};
		48873B692AA3E5AA00F304D3 /* Sources */ = {
			isa = PBXSourcesBuildPhase;
			buildActionMask = 2147483647;
			files = (
				48873B722AA3E5AA00F304D3 /* TheCocktailBookUITests.swift in Sources */,
				48873B742AA3E5AA00F304D3 /* TheCocktailBookUITestsLaunchTests.swift in Sources */,
			);
			runOnlyForDeploymentPostprocessing = 0;
		};
/* End PBXSourcesBuildPhase section */

/* Begin PBXTargetDependency section */
		48873B652AA3E5AA00F304D3 /* PBXTargetDependency */ = {
			isa = PBXTargetDependency;
			target = 48873B522AA3E5A800F304D3 /* TheCocktailBook */;
			targetProxy = 48873B642AA3E5AA00F304D3 /* PBXContainerItemProxy */;
		};
		48873B6F2AA3E5AA00F304D3 /* PBXTargetDependency */ = {
			isa = PBXTargetDependency;
			target = 48873B522AA3E5A800F304D3 /* TheCocktailBook */;
			targetProxy = 48873B6E2AA3E5AA00F304D3 /* PBXContainerItemProxy */;
		};
/* End PBXTargetDependency section */

/* Begin XCBuildConfiguration section */
		48873B752AA3E5AA00F304D3 /* Debug */ = {
			isa = XCBuildConfiguration;
			buildSettings = {
				ALWAYS_SEARCH_USER_PATHS = NO;
				CLANG_ANALYZER_NONNULL = YES;
				CLANG_ANALYZER_NUMBER_OBJECT_CONVERSION = YES_AGGRESSIVE;
				CLANG_CXX_LANGUAGE_STANDARD = "gnu++20";
				CLANG_ENABLE_MODULES = YES;
				CLANG_ENABLE_OBJC_ARC = YES;
				CLANG_ENABLE_OBJC_WEAK = YES;
				CLANG_WARN_BLOCK_CAPTURE_AUTORELEASING = YES;
				CLANG_WARN_BOOL_CONVERSION = YES;
				CLANG_WARN_COMMA = YES;
				CLANG_WARN_CONSTANT_CONVERSION = YES;
				CLANG_WARN_DEPRECATED_OBJC_IMPLEMENTATIONS = YES;
				CLANG_WARN_DIRECT_OBJC_ISA_USAGE = YES_ERROR;
				CLANG_WARN_DOCUMENTATION_COMMENTS = YES;
				CLANG_WARN_EMPTY_BODY = YES;
				CLANG_WARN_ENUM_CONVERSION = YES;
				CLANG_WARN_INFINITE_RECURSION = YES;
				CLANG_WARN_INT_CONVERSION = YES;
				CLANG_WARN_NON_LITERAL_NULL_CONVERSION = YES;
				CLANG_WARN_OBJC_IMPLICIT_RETAIN_SELF = YES;
				CLANG_WARN_OBJC_LITERAL_CONVERSION = YES;
				CLANG_WARN_OBJC_ROOT_CLASS = YES_ERROR;
				CLANG_WARN_QUOTED_INCLUDE_IN_FRAMEWORK_HEADER = YES;
				CLANG_WARN_RANGE_LOOP_ANALYSIS = YES;
				CLANG_WARN_STRICT_PROTOTYPES = YES;
				CLANG_WARN_SUSPICIOUS_MOVE = YES;
				CLANG_WARN_UNGUARDED_AVAILABILITY = YES_AGGRESSIVE;
				CLANG_WARN_UNREACHABLE_CODE = YES;
				CLANG_WARN__DUPLICATE_METHOD_MATCH = YES;
				COPY_PHASE_STRIP = NO;
				DEBUG_INFORMATION_FORMAT = dwarf;
				ENABLE_STRICT_OBJC_MSGSEND = YES;
				ENABLE_TESTABILITY = YES;
				GCC_C_LANGUAGE_STANDARD = gnu11;
				GCC_DYNAMIC_NO_PIC = NO;
				GCC_NO_COMMON_BLOCKS = YES;
				GCC_OPTIMIZATION_LEVEL = 0;
				GCC_PREPROCESSOR_DEFINITIONS = (
					"DEBUG=1",
					"$(inherited)",
				);
				GCC_WARN_64_TO_32_BIT_CONVERSION = YES;
				GCC_WARN_ABOUT_RETURN_TYPE = YES_ERROR;
				GCC_WARN_UNDECLARED_SELECTOR = YES;
				GCC_WARN_UNINITIALIZED_AUTOS = YES_AGGRESSIVE;
				GCC_WARN_UNUSED_FUNCTION = YES;
				GCC_WARN_UNUSED_VARIABLE = YES;
				IPHONEOS_DEPLOYMENT_TARGET = 16.4;
				MTL_ENABLE_DEBUG_INFO = INCLUDE_SOURCE;
				MTL_FAST_MATH = YES;
				ONLY_ACTIVE_ARCH = YES;
				SDKROOT = iphoneos;
				SWIFT_ACTIVE_COMPILATION_CONDITIONS = DEBUG;
				SWIFT_OPTIMIZATION_LEVEL = "-Onone";
			};
			name = Debug;
		};
		48873B762AA3E5AA00F304D3 /* Release */ = {
			isa = XCBuildConfiguration;
			buildSettings = {
				ALWAYS_SEARCH_USER_PATHS = NO;
				CLANG_ANALYZER_NONNULL = YES;
				CLANG_ANALYZER_NUMBER_OBJECT_CONVERSION = YES_AGGRESSIVE;
				CLANG_CXX_LANGUAGE_STANDARD = "gnu++20";
				CLANG_ENABLE_MODULES = YES;
				CLANG_ENABLE_OBJC_ARC = YES;
				CLANG_ENABLE_OBJC_WEAK = YES;
				CLANG_WARN_BLOCK_CAPTURE_AUTORELEASING = YES;
				CLANG_WARN_BOOL_CONVERSION = YES;
				CLANG_WARN_COMMA = YES;
				CLANG_WARN_CONSTANT_CONVERSION = YES;
				CLANG_WARN_DEPRECATED_OBJC_IMPLEMENTATIONS = YES;
				CLANG_WARN_DIRECT_OBJC_ISA_USAGE = YES_ERROR;
				CLANG_WARN_DOCUMENTATION_COMMENTS = YES;
				CLANG_WARN_EMPTY_BODY = YES;
				CLANG_WARN_ENUM_CONVERSION = YES;
				CLANG_WARN_INFINITE_RECURSION = YES;
				CLANG_WARN_INT_CONVERSION = YES;
				CLANG_WARN_NON_LITERAL_NULL_CONVERSION = YES;
				CLANG_WARN_OBJC_IMPLICIT_RETAIN_SELF = YES;
				CLANG_WARN_OBJC_LITERAL_CONVERSION = YES;
				CLANG_WARN_OBJC_ROOT_CLASS = YES_ERROR;
				CLANG_WARN_QUOTED_INCLUDE_IN_FRAMEWORK_HEADER = YES;
				CLANG_WARN_RANGE_LOOP_ANALYSIS = YES;
				CLANG_WARN_STRICT_PROTOTYPES = YES;
				CLANG_WARN_SUSPICIOUS_MOVE = YES;
				CLANG_WARN_UNGUARDED_AVAILABILITY = YES_AGGRESSIVE;
				CLANG_WARN_UNREACHABLE_CODE = YES;
				CLANG_WARN__DUPLICATE_METHOD_MATCH = YES;
				COPY_PHASE_STRIP = NO;
				DEBUG_INFORMATION_FORMAT = "dwarf-with-dsym";
				ENABLE_NS_ASSERTIONS = NO;
				ENABLE_STRICT_OBJC_MSGSEND = YES;
				GCC_C_LANGUAGE_STANDARD = gnu11;
				GCC_NO_COMMON_BLOCKS = YES;
				GCC_WARN_64_TO_32_BIT_CONVERSION = YES;
				GCC_WARN_ABOUT_RETURN_TYPE = YES_ERROR;
				GCC_WARN_UNDECLARED_SELECTOR = YES;
				GCC_WARN_UNINITIALIZED_AUTOS = YES_AGGRESSIVE;
				GCC_WARN_UNUSED_FUNCTION = YES;
				GCC_WARN_UNUSED_VARIABLE = YES;
				IPHONEOS_DEPLOYMENT_TARGET = 16.4;
				MTL_ENABLE_DEBUG_INFO = NO;
				MTL_FAST_MATH = YES;
				SDKROOT = iphoneos;
				SWIFT_COMPILATION_MODE = wholemodule;
				SWIFT_OPTIMIZATION_LEVEL = "-O";
				VALIDATE_PRODUCT = YES;
			};
			name = Release;
		};
		48873B782AA3E5AA00F304D3 /* Debug */ = {
			isa = XCBuildConfiguration;
			buildSettings = {
				ASSETCATALOG_COMPILER_APPICON_NAME = AppIcon;
				ASSETCATALOG_COMPILER_GLOBAL_ACCENT_COLOR_NAME = AccentColor;
				CODE_SIGN_STYLE = Automatic;
				CURRENT_PROJECT_VERSION = 1;
				DEVELOPMENT_ASSET_PATHS = "\"TheCocktailBook/Preview Content\"";
				DEVELOPMENT_TEAM = ZUTQ2SDKNS;
				ENABLE_PREVIEWS = YES;
				GENERATE_INFOPLIST_FILE = YES;
				INFOPLIST_KEY_UIApplicationSceneManifest_Generation = YES;
				INFOPLIST_KEY_UIApplicationSupportsIndirectInputEvents = YES;
				INFOPLIST_KEY_UILaunchScreen_Generation = YES;
				INFOPLIST_KEY_UISupportedInterfaceOrientations_iPad = "UIInterfaceOrientationPortrait UIInterfaceOrientationPortraitUpsideDown UIInterfaceOrientationLandscapeLeft UIInterfaceOrientationLandscapeRight";
				INFOPLIST_KEY_UISupportedInterfaceOrientations_iPhone = "UIInterfaceOrientationPortrait UIInterfaceOrientationLandscapeLeft UIInterfaceOrientationLandscapeRight";
				LD_RUNPATH_SEARCH_PATHS = (
					"$(inherited)",
					"@executable_path/Frameworks",
				);
				MARKETING_VERSION = 1.0;
				PRODUCT_BUNDLE_IDENTIFIER = com.oliviakline.TheCocktailBook;
				PRODUCT_NAME = "$(TARGET_NAME)";
				SWIFT_EMIT_LOC_STRINGS = YES;
				SWIFT_VERSION = 5.0;
				TARGETED_DEVICE_FAMILY = "1,2";
			};
			name = Debug;
		};
		48873B792AA3E5AA00F304D3 /* Release */ = {
			isa = XCBuildConfiguration;
			buildSettings = {
				ASSETCATALOG_COMPILER_APPICON_NAME = AppIcon;
				ASSETCATALOG_COMPILER_GLOBAL_ACCENT_COLOR_NAME = AccentColor;
				CODE_SIGN_STYLE = Automatic;
				CURRENT_PROJECT_VERSION = 1;
				DEVELOPMENT_ASSET_PATHS = "\"TheCocktailBook/Preview Content\"";
				DEVELOPMENT_TEAM = ZUTQ2SDKNS;
				ENABLE_PREVIEWS = YES;
				GENERATE_INFOPLIST_FILE = YES;
				INFOPLIST_KEY_UIApplicationSceneManifest_Generation = YES;
				INFOPLIST_KEY_UIApplicationSupportsIndirectInputEvents = YES;
				INFOPLIST_KEY_UILaunchScreen_Generation = YES;
				INFOPLIST_KEY_UISupportedInterfaceOrientations_iPad = "UIInterfaceOrientationPortrait UIInterfaceOrientationPortraitUpsideDown UIInterfaceOrientationLandscapeLeft UIInterfaceOrientationLandscapeRight";
				INFOPLIST_KEY_UISupportedInterfaceOrientations_iPhone = "UIInterfaceOrientationPortrait UIInterfaceOrientationLandscapeLeft UIInterfaceOrientationLandscapeRight";
				LD_RUNPATH_SEARCH_PATHS = (
					"$(inherited)",
					"@executable_path/Frameworks",
				);
				MARKETING_VERSION = 1.0;
				PRODUCT_BUNDLE_IDENTIFIER = com.oliviakline.TheCocktailBook;
				PRODUCT_NAME = "$(TARGET_NAME)";
				SWIFT_EMIT_LOC_STRINGS = YES;
				SWIFT_VERSION = 5.0;
				TARGETED_DEVICE_FAMILY = "1,2";
			};
			name = Release;
		};
		48873B7B2AA3E5AA00F304D3 /* Debug */ = {
			isa = XCBuildConfiguration;
			buildSettings = {
				ALWAYS_EMBED_SWIFT_STANDARD_LIBRARIES = YES;
				BUNDLE_LOADER = "$(TEST_HOST)";
				CODE_SIGN_STYLE = Automatic;
				CURRENT_PROJECT_VERSION = 1;
				DEVELOPMENT_TEAM = ZUTQ2SDKNS;
				GENERATE_INFOPLIST_FILE = YES;
				IPHONEOS_DEPLOYMENT_TARGET = 16.4;
				MARKETING_VERSION = 1.0;
				PRODUCT_BUNDLE_IDENTIFIER = com.oliviakline.TheCocktailBookTests;
				PRODUCT_NAME = "$(TARGET_NAME)";
				SWIFT_EMIT_LOC_STRINGS = NO;
				SWIFT_VERSION = 5.0;
				TARGETED_DEVICE_FAMILY = "1,2";
				TEST_HOST = "$(BUILT_PRODUCTS_DIR)/TheCocktailBook.app/$(BUNDLE_EXECUTABLE_FOLDER_PATH)/TheCocktailBook";
			};
			name = Debug;
		};
		48873B7C2AA3E5AA00F304D3 /* Release */ = {
			isa = XCBuildConfiguration;
			buildSettings = {
				ALWAYS_EMBED_SWIFT_STANDARD_LIBRARIES = YES;
				BUNDLE_LOADER = "$(TEST_HOST)";
				CODE_SIGN_STYLE = Automatic;
				CURRENT_PROJECT_VERSION = 1;
				DEVELOPMENT_TEAM = ZUTQ2SDKNS;
				GENERATE_INFOPLIST_FILE = YES;
				IPHONEOS_DEPLOYMENT_TARGET = 16.4;
				MARKETING_VERSION = 1.0;
				PRODUCT_BUNDLE_IDENTIFIER = com.oliviakline.TheCocktailBookTests;
				PRODUCT_NAME = "$(TARGET_NAME)";
				SWIFT_EMIT_LOC_STRINGS = NO;
				SWIFT_VERSION = 5.0;
				TARGETED_DEVICE_FAMILY = "1,2";
				TEST_HOST = "$(BUILT_PRODUCTS_DIR)/TheCocktailBook.app/$(BUNDLE_EXECUTABLE_FOLDER_PATH)/TheCocktailBook";
			};
			name = Release;
		};
		48873B7E2AA3E5AA00F304D3 /* Debug */ = {
			isa = XCBuildConfiguration;
			buildSettings = {
				ALWAYS_EMBED_SWIFT_STANDARD_LIBRARIES = YES;
				CODE_SIGN_STYLE = Automatic;
				CURRENT_PROJECT_VERSION = 1;
				DEVELOPMENT_TEAM = ZUTQ2SDKNS;
				GENERATE_INFOPLIST_FILE = YES;
				MARKETING_VERSION = 1.0;
				PRODUCT_BUNDLE_IDENTIFIER = com.oliviakline.TheCocktailBookUITests;
				PRODUCT_NAME = "$(TARGET_NAME)";
				SWIFT_EMIT_LOC_STRINGS = NO;
				SWIFT_VERSION = 5.0;
				TARGETED_DEVICE_FAMILY = "1,2";
				TEST_TARGET_NAME = TheCocktailBook;
			};
			name = Debug;
		};
		48873B7F2AA3E5AA00F304D3 /* Release */ = {
			isa = XCBuildConfiguration;
			buildSettings = {
				ALWAYS_EMBED_SWIFT_STANDARD_LIBRARIES = YES;
				CODE_SIGN_STYLE = Automatic;
				CURRENT_PROJECT_VERSION = 1;
				DEVELOPMENT_TEAM = ZUTQ2SDKNS;
				GENERATE_INFOPLIST_FILE = YES;
				MARKETING_VERSION = 1.0;
				PRODUCT_BUNDLE_IDENTIFIER = com.oliviakline.TheCocktailBookUITests;
				PRODUCT_NAME = "$(TARGET_NAME)";
				SWIFT_EMIT_LOC_STRINGS = NO;
				SWIFT_VERSION = 5.0;
				TARGETED_DEVICE_FAMILY = "1,2";
				TEST_TARGET_NAME = TheCocktailBook;
			};
			name = Release;
		};
/* End XCBuildConfiguration section */

/* Begin XCConfigurationList section */
		48873B4E2AA3E5A800F304D3 /* Build configuration list for PBXProject "TheCocktailBook" */ = {
			isa = XCConfigurationList;
			buildConfigurations = (
				48873B752AA3E5AA00F304D3 /* Debug */,
				48873B762AA3E5AA00F304D3 /* Release */,
			);
			defaultConfigurationIsVisible = 0;
			defaultConfigurationName = Release;
		};
		48873B772AA3E5AA00F304D3 /* Build configuration list for PBXNativeTarget "TheCocktailBook" */ = {
			isa = XCConfigurationList;
			buildConfigurations = (
				48873B782AA3E5AA00F304D3 /* Debug */,
				48873B792AA3E5AA00F304D3 /* Release */,
			);
			defaultConfigurationIsVisible = 0;
			defaultConfigurationName = Release;
		};
		48873B7A2AA3E5AA00F304D3 /* Build configuration list for PBXNativeTarget "TheCocktailBookTests" */ = {
			isa = XCConfigurationList;
			buildConfigurations = (
				48873B7B2AA3E5AA00F304D3 /* Debug */,
				48873B7C2AA3E5AA00F304D3 /* Release */,
			);
			defaultConfigurationIsVisible = 0;
			defaultConfigurationName = Release;
		};
		48873B7D2AA3E5AA00F304D3 /* Build configuration list for PBXNativeTarget "TheCocktailBookUITests" */ = {
			isa = XCConfigurationList;
			buildConfigurations = (
				48873B7E2AA3E5AA00F304D3 /* Debug */,
				48873B7F2AA3E5AA00F304D3 /* Release */,
			);
			defaultConfigurationIsVisible = 0;
			defaultConfigurationName = Release;
		};
/* End XCConfigurationList section */
	};
	rootObject = 48873B4B2AA3E5A800F304D3 /* Project object */;
}
